
Microsoft Visual Studio Solution File, Format Version 12.00
# Visual Studio Version 17
VisualStudioVersion = 17.9.34728.123
MinimumVisualStudioVersion = 10.0.40219.1
Project("{FAE04EC0-301F-11D3-BF4B-00C04F79EFBC}") = "5by5-PersistCarsInSQL", "5by5-PersistCarsInSQL\5by5-PersistCarsInSQL.csproj", "{A977F2B3-A951-4B2E-9D74-A4570E2B1C4C}"
EndProject
Project("{FAE04EC0-301F-11D3-BF4B-00C04F79EFBC}") = "Services", "Services\Services.csproj", "{2397B0C2-1016-4C83-994F-57CA277EFF91}"
EndProject
Project("{FAE04EC0-301F-11D3-BF4B-00C04F79EFBC}") = "Repositories", "Repositories\Repositories.csproj", "{FF6AC884-5BAC-4376-93C1-312704C834A0}"
EndProject
Project("{FAE04EC0-301F-11D3-BF4B-00C04F79EFBC}") = "Controllers", "Controllers\Controllers.csproj", "{26B8CA2E-4611-4277-9590-CC5378EE4F61}"
EndProject
Project("{9A19103F-16F7-4668-BE54-9A1E7A4F7556}") = "Models", "..\5by5-GenerateCarJson\Models\Models.csproj", "{3456FDF9-F974-4F92-8EF2-158320DB079B}"
EndProject
Global
	GlobalSection(SolutionConfigurationPlatforms) = preSolution
		Debug|Any CPU = Debug|Any CPU
		Release|Any CPU = Release|Any CPU
	EndGlobalSection
	GlobalSection(ProjectConfigurationPlatforms) = postSolution
		{A977F2B3-A951-4B2E-9D74-A4570E2B1C4C}.Debug|Any CPU.ActiveCfg = Debug|Any CPU
		{A977F2B3-A951-4B2E-9D74-A4570E2B1C4C}.Debug|Any CPU.Build.0 = Debug|Any CPU
		{A977F2B3-A951-4B2E-9D74-A4570E2B1C4C}.Release|Any CPU.ActiveCfg = Release|Any CPU
		{A977F2B3-A951-4B2E-9D74-A4570E2B1C4C}.Release|Any CPU.Build.0 = Release|Any CPU
		{2397B0C2-1016-4C83-994F-57CA277EFF91}.Debug|Any CPU.ActiveCfg = Debug|Any CPU
		{2397B0C2-1016-4C83-994F-57CA277EFF91}.Debug|Any CPU.Build.0 = Debug|Any CPU
		{2397B0C2-1016-4C83-994F-57CA277EFF91}.Release|Any CPU.ActiveCfg = Release|Any CPU
		{2397B0C2-1016-4C83-994F-57CA277EFF91}.Release|Any CPU.Build.0 = Release|Any CPU
		{FF6AC884-5BAC-4376-93C1-312704C834A0}.Debug|Any CPU.ActiveCfg = Debug|Any CPU
		{FF6AC884-5BAC-4376-93C1-312704C834A0}.Debug|Any CPU.Build.0 = Debug|Any CPU
		{FF6AC884-5BAC-4376-93C1-312704C834A0}.Release|Any CPU.ActiveCfg = Release|Any CPU
		{FF6AC884-5BAC-4376-93C1-312704C834A0}.Release|Any CPU.Build.0 = Release|Any CPU
		{26B8CA2E-4611-4277-9590-CC5378EE4F61}.Debug|Any CPU.ActiveCfg = Debug|Any CPU
		{26B8CA2E-4611-4277-9590-CC5378EE4F61}.Debug|Any CPU.Build.0 = Debug|Any CPU
		{26B8CA2E-4611-4277-9590-CC5378EE4F61}.Release|Any CPU.ActiveCfg = Release|Any CPU
		{26B8CA2E-4611-4277-9590-CC5378EE4F61}.Release|Any CPU.Build.0 = Release|Any CPU
		{3456FDF9-F974-4F92-8EF2-158320DB079B}.Debug|Any CPU.ActiveCfg = Debug|Any CPU
		{3456FDF9-F974-4F92-8EF2-158320DB079B}.Debug|Any CPU.Build.0 = Debug|Any CPU
		{3456FDF9-F974-4F92-8EF2-158320DB079B}.Release|Any CPU.ActiveCfg = Release|Any CPU
		{3456FDF9-F974-4F92-8EF2-158320DB079B}.Release|Any CPU.Build.0 = Release|Any CPU
	EndGlobalSection
	GlobalSection(SolutionProperties) = preSolution
		HideSolutionNode = FALSE
	EndGlobalSection
	GlobalSection(ExtensibilityGlobals) = postSolution
		SolutionGuid = {D5B2983E-5BFC-4768-97CA-AEF5316279BF}
	EndGlobalSection
EndGlobal
